// !$*UTF8*$!
{
	archiveVersion = 1;
	classes = {
	};
	objectVersion = 56;
	objects = {

/* Begin PBXBuildFile section */
		6812DBA22C8A38F300708F70 /* TutorialView.swift in Sources */ = {isa = PBXBuildFile; fileRef = 6812DBA12C8A38F300708F70 /* TutorialView.swift */; };
		6812DBA52C94CF3A00708F70 /* UserJourneyView.swift in Sources */ = {isa = PBXBuildFile; fileRef = 6812DBA42C94CF3A00708F70 /* UserJourneyView.swift */; };
		6812DBA72C950BBA00708F70 /* SurveyView.swift in Sources */ = {isa = PBXBuildFile; fileRef = 6812DBA62C950BBA00708F70 /* SurveyView.swift */; };
		6812DBAE2C98F8AC00708F70 /* video3_20min.mp4 in Resources */ = {isa = PBXBuildFile; fileRef = 6812DBA82C98F8AC00708F70 /* video3_20min.mp4 */; };
		6812DBAF2C98F8AC00708F70 /* video3_10min.mp4 in Resources */ = {isa = PBXBuildFile; fileRef = 6812DBA92C98F8AC00708F70 /* video3_10min.mp4 */; };
		6812DBB02C98F8AC00708F70 /* video1_10min.mp4 in Resources */ = {isa = PBXBuildFile; fileRef = 6812DBAA2C98F8AC00708F70 /* video1_10min.mp4 */; };
		6812DBB12C98F8AC00708F70 /* video1_20min.mp4 in Resources */ = {isa = PBXBuildFile; fileRef = 6812DBAB2C98F8AC00708F70 /* video1_20min.mp4 */; };
		6812DBB22C98F8AC00708F70 /* video2_20min.mp4 in Resources */ = {isa = PBXBuildFile; fileRef = 6812DBAC2C98F8AC00708F70 /* video2_20min.mp4 */; };
		6812DBB32C98F8AC00708F70 /* video2_10min.mp4 in Resources */ = {isa = PBXBuildFile; fileRef = 6812DBAD2C98F8AC00708F70 /* video2_10min.mp4 */; };
		68D2F38A2C7AB93100BC49DA /* DashboardView.swift in Sources */ = {isa = PBXBuildFile; fileRef = 68D2F3892C7AB93100BC49DA /* DashboardView.swift */; };
		68D2F38E2C7ABC8A00BC49DA /* MeditationPlayView.swift in Sources */ = {isa = PBXBuildFile; fileRef = 68D2F38D2C7ABC8A00BC49DA /* MeditationPlayView.swift */; };
		68D2F3902C7ABE2D00BC49DA /* MeditationSurveyView.swift in Sources */ = {isa = PBXBuildFile; fileRef = 68D2F38F2C7ABE2D00BC49DA /* MeditationSurveyView.swift */; };
		68D2F3922C7AC45300BC49DA /* ECGMeasurementView.swift in Sources */ = {isa = PBXBuildFile; fileRef = 68D2F3912C7AC45300BC49DA /* ECGMeasurementView.swift */; };
		68D2F3942C7ADB7300BC49DA /* MainView.swift in Sources */ = {isa = PBXBuildFile; fileRef = 68D2F3932C7ADB7300BC49DA /* MainView.swift */; };
		68D2F3962C836B8E00BC49DA /* MeditationResultsPopup.swift in Sources */ = {isa = PBXBuildFile; fileRef = 68D2F3952C836B8E00BC49DA /* MeditationResultsPopup.swift */; };
		68D366E82C4B4FDF00C9C879 /* MITApp.swift in Sources */ = {isa = PBXBuildFile; fileRef = 68D366E72C4B4FDF00C9C879 /* MITApp.swift */; };
		68D366EA2C4B4FDF00C9C879 /* ContentView.swift in Sources */ = {isa = PBXBuildFile; fileRef = 68D366E92C4B4FDF00C9C879 /* ContentView.swift */; };
		68D366EC2C4B4FDF00C9C879 /* Item.swift in Sources */ = {isa = PBXBuildFile; fileRef = 68D366EB2C4B4FDF00C9C879 /* Item.swift */; };
		68D366EE2C4B4FE000C9C879 /* Assets.xcassets in Resources */ = {isa = PBXBuildFile; fileRef = 68D366ED2C4B4FE000C9C879 /* Assets.xcassets */; };
		68D366F12C4B4FE000C9C879 /* Preview Assets.xcassets in Resources */ = {isa = PBXBuildFile; fileRef = 68D366F02C4B4FE000C9C879 /* Preview Assets.xcassets */; };
		68D3671C2C4B5F2400C9C879 /* IoTManager.swift in Sources */ = {isa = PBXBuildFile; fileRef = 68D3671B2C4B5F2400C9C879 /* IoTManager.swift */; };
		68D367682C4B7BFA00C9C879 /* ECGData.swift in Sources */ = {isa = PBXBuildFile; fileRef = 68D367672C4B7BFA00C9C879 /* ECGData.swift */; };
		68D3676B2C4B7E0600C9C879 /* ECGManager.swift in Sources */ = {isa = PBXBuildFile; fileRef = 68D3676A2C4B7E0600C9C879 /* ECGManager.swift */; };
		68D367752C4E60E200C9C879 /* MeditationSelectionView.swift in Sources */ = {isa = PBXBuildFile; fileRef = 68D367742C4E60E200C9C879 /* MeditationSelectionView.swift */; };
		68D367852C50326A00C9C879 /* HealthKitManager.swift in Sources */ = {isa = PBXBuildFile; fileRef = 68D367842C50326A00C9C879 /* HealthKitManager.swift */; };
/* End PBXBuildFile section */

/* Begin PBXCopyFilesBuildPhase section */
		68D3671A2C4B5EFA00C9C879 /* Embed Frameworks */ = {
			isa = PBXCopyFilesBuildPhase;
			buildActionMask = 2147483647;
			dstPath = "";
			dstSubfolderSpec = 10;
			files = (
			);
			name = "Embed Frameworks";
			runOnlyForDeploymentPostprocessing = 0;
		};
/* End PBXCopyFilesBuildPhase section */

/* Begin PBXFileReference section */
		6812DBA12C8A38F300708F70 /* TutorialView.swift */ = {isa = PBXFileReference; lastKnownFileType = sourcecode.swift; path = TutorialView.swift; sourceTree = "<group>"; };
		6812DBA32C92E4F900708F70 /* Info.plist */ = {isa = PBXFileReference; lastKnownFileType = text.plist; path = Info.plist; sourceTree = "<group>"; };
		6812DBA42C94CF3A00708F70 /* UserJourneyView.swift */ = {isa = PBXFileReference; lastKnownFileType = sourcecode.swift; path = UserJourneyView.swift; sourceTree = "<group>"; };
		6812DBA62C950BBA00708F70 /* SurveyView.swift */ = {isa = PBXFileReference; lastKnownFileType = sourcecode.swift; path = SurveyView.swift; sourceTree = "<group>"; };
		6812DBA82C98F8AC00708F70 /* video3_20min.mp4 */ = {isa = PBXFileReference; lastKnownFileType = file; name = video3_20min.mp4; path = ../../../../Downloads/video3_20min.mp4; sourceTree = "<group>"; };
		6812DBA92C98F8AC00708F70 /* video3_10min.mp4 */ = {isa = PBXFileReference; lastKnownFileType = file; name = video3_10min.mp4; path = ../../../../Downloads/video3_10min.mp4; sourceTree = "<group>"; };
		6812DBAA2C98F8AC00708F70 /* video1_10min.mp4 */ = {isa = PBXFileReference; lastKnownFileType = file; name = video1_10min.mp4; path = ../../../../Downloads/video1_10min.mp4; sourceTree = "<group>"; };
		6812DBAB2C98F8AC00708F70 /* video1_20min.mp4 */ = {isa = PBXFileReference; lastKnownFileType = file; name = video1_20min.mp4; path = ../../../../Downloads/video1_20min.mp4; sourceTree = "<group>"; };
		6812DBAC2C98F8AC00708F70 /* video2_20min.mp4 */ = {isa = PBXFileReference; lastKnownFileType = file; name = video2_20min.mp4; path = ../../../../Downloads/video2_20min.mp4; sourceTree = "<group>"; };
		6812DBAD2C98F8AC00708F70 /* video2_10min.mp4 */ = {isa = PBXFileReference; lastKnownFileType = file; name = video2_10min.mp4; path = ../../../../Downloads/video2_10min.mp4; sourceTree = "<group>"; };
		68D2F3892C7AB93100BC49DA /* DashboardView.swift */ = {isa = PBXFileReference; lastKnownFileType = sourcecode.swift; path = DashboardView.swift; sourceTree = "<group>"; };
		68D2F38D2C7ABC8A00BC49DA /* MeditationPlayView.swift */ = {isa = PBXFileReference; lastKnownFileType = sourcecode.swift; path = MeditationPlayView.swift; sourceTree = "<group>"; };
		68D2F38F2C7ABE2D00BC49DA /* MeditationSurveyView.swift */ = {isa = PBXFileReference; lastKnownFileType = sourcecode.swift; path = MeditationSurveyView.swift; sourceTree = "<group>"; };
		68D2F3912C7AC45300BC49DA /* ECGMeasurementView.swift */ = {isa = PBXFileReference; lastKnownFileType = sourcecode.swift; path = ECGMeasurementView.swift; sourceTree = "<group>"; };
		68D2F3932C7ADB7300BC49DA /* MainView.swift */ = {isa = PBXFileReference; lastKnownFileType = sourcecode.swift; path = MainView.swift; sourceTree = "<group>"; };
		68D2F3952C836B8E00BC49DA /* MeditationResultsPopup.swift */ = {isa = PBXFileReference; lastKnownFileType = sourcecode.swift; path = MeditationResultsPopup.swift; sourceTree = "<group>"; };
		68D366E72C4B4FDF00C9C879 /* MITApp.swift */ = {isa = PBXFileReference; lastKnownFileType = sourcecode.swift; path = MITApp.swift; sourceTree = "<group>"; };
		68D366E92C4B4FDF00C9C879 /* ContentView.swift */ = {isa = PBXFileReference; lastKnownFileType = sourcecode.swift; path = ContentView.swift; sourceTree = "<group>"; };
		68D366EB2C4B4FDF00C9C879 /* Item.swift */ = {isa = PBXFileReference; lastKnownFileType = sourcecode.swift; path = Item.swift; sourceTree = "<group>"; };
		68D366ED2C4B4FE000C9C879 /* Assets.xcassets */ = {isa = PBXFileReference; lastKnownFileType = folder.assetcatalog; path = Assets.xcassets; sourceTree = "<group>"; };
		68D366F02C4B4FE000C9C879 /* Preview Assets.xcassets */ = {isa = PBXFileReference; lastKnownFileType = folder.assetcatalog; path = "Preview Assets.xcassets"; sourceTree = "<group>"; };
		68D3671B2C4B5F2400C9C879 /* IoTManager.swift */ = {isa = PBXFileReference; lastKnownFileType = sourcecode.swift; path = IoTManager.swift; sourceTree = "<group>"; };
		68D367632C4B79BB00C9C879 /* MIT.entitlements */ = {isa = PBXFileReference; lastKnownFileType = text.plist.entitlements; path = MIT.entitlements; sourceTree = "<group>"; };
		68D367672C4B7BFA00C9C879 /* ECGData.swift */ = {isa = PBXFileReference; lastKnownFileType = sourcecode.swift; path = ECGData.swift; sourceTree = "<group>"; };
		68D3676A2C4B7E0600C9C879 /* ECGManager.swift */ = {isa = PBXFileReference; lastKnownFileType = sourcecode.swift; path = ECGManager.swift; sourceTree = "<group>"; };
		68D367742C4E60E200C9C879 /* MeditationSelectionView.swift */ = {isa = PBXFileReference; lastKnownFileType = sourcecode.swift; path = MeditationSelectionView.swift; sourceTree = "<group>"; };
		68D367832C500D3C00C9C879 /* MIT.app */ = {isa = PBXFileReference; explicitFileType = wrapper.application; includeInIndex = 0; path = MIT.app; sourceTree = BUILT_PRODUCTS_DIR; };
		68D367842C50326A00C9C879 /* HealthKitManager.swift */ = {isa = PBXFileReference; lastKnownFileType = sourcecode.swift; path = HealthKitManager.swift; sourceTree = "<group>"; };
/* End PBXFileReference section */

/* Begin PBXFrameworksBuildPhase section */
		68D366E12C4B4FDF00C9C879 /* Frameworks */ = {
			isa = PBXFrameworksBuildPhase;
			buildActionMask = 2147483647;
			files = (
			);
			runOnlyForDeploymentPostprocessing = 0;
		};
/* End PBXFrameworksBuildPhase section */

/* Begin PBXGroup section */
		68D366DB2C4B4FDF00C9C879 = {
			isa = PBXGroup;
			children = (
				6812DBAA2C98F8AC00708F70 /* video1_10min.mp4 */,
				6812DBAB2C98F8AC00708F70 /* video1_20min.mp4 */,
				6812DBAD2C98F8AC00708F70 /* video2_10min.mp4 */,
				6812DBAC2C98F8AC00708F70 /* video2_20min.mp4 */,
				6812DBA92C98F8AC00708F70 /* video3_10min.mp4 */,
				6812DBA82C98F8AC00708F70 /* video3_20min.mp4 */,
				68D366E62C4B4FDF00C9C879 /* MIT */,
				68D367832C500D3C00C9C879 /* MIT.app */,
			);
			sourceTree = "<group>";
		};
		68D366E62C4B4FDF00C9C879 /* MIT */ = {
			isa = PBXGroup;
			children = (
				6812DBA32C92E4F900708F70 /* Info.plist */,
				68D3676F2C4E609300C9C879 /* View */,
				68D367692C4B7DF900C9C879 /* Manager */,
				68D367662C4B7BDF00C9C879 /* Model */,
				68D366E72C4B4FDF00C9C879 /* MITApp.swift */,
				68D366EB2C4B4FDF00C9C879 /* Item.swift */,
				68D366ED2C4B4FE000C9C879 /* Assets.xcassets */,
				68D366EF2C4B4FE000C9C879 /* Preview Content */,
				68D367632C4B79BB00C9C879 /* MIT.entitlements */,
			);
			path = MIT;
			sourceTree = "<group>";
		};
		68D366EF2C4B4FE000C9C879 /* Preview Content */ = {
			isa = PBXGroup;
			children = (
				68D366F02C4B4FE000C9C879 /* Preview Assets.xcassets */,
			);
			path = "Preview Content";
			sourceTree = "<group>";
		};
		68D367662C4B7BDF00C9C879 /* Model */ = {
			isa = PBXGroup;
			children = (
				68D367672C4B7BFA00C9C879 /* ECGData.swift */,
			);
			path = Model;
			sourceTree = "<group>";
		};
		68D367692C4B7DF900C9C879 /* Manager */ = {
			isa = PBXGroup;
			children = (
				68D3671B2C4B5F2400C9C879 /* IoTManager.swift */,
				68D3676A2C4B7E0600C9C879 /* ECGManager.swift */,
				68D367842C50326A00C9C879 /* HealthKitManager.swift */,
			);
			path = Manager;
			sourceTree = "<group>";
		};
		68D3676F2C4E609300C9C879 /* View */ = {
			isa = PBXGroup;
			children = (
				68D2F3932C7ADB7300BC49DA /* MainView.swift */,
				68D366E92C4B4FDF00C9C879 /* ContentView.swift */,
				6812DBA42C94CF3A00708F70 /* UserJourneyView.swift */,
				6812DBA62C950BBA00708F70 /* SurveyView.swift */,
				68D2F3892C7AB93100BC49DA /* DashboardView.swift */,
				68D2F3912C7AC45300BC49DA /* ECGMeasurementView.swift */,
				68D367742C4E60E200C9C879 /* MeditationSelectionView.swift */,
				68D2F38D2C7ABC8A00BC49DA /* MeditationPlayView.swift */,
				68D2F3952C836B8E00BC49DA /* MeditationResultsPopup.swift */,
				68D2F38F2C7ABE2D00BC49DA /* MeditationSurveyView.swift */,
				6812DBA12C8A38F300708F70 /* TutorialView.swift */,
			);
			path = View;
			sourceTree = "<group>";
		};
/* End PBXGroup section */

/* Begin PBXNativeTarget section */
		68D366E32C4B4FDF00C9C879 /* MIT */ = {
			isa = PBXNativeTarget;
			buildConfigurationList = 68D366F42C4B4FE000C9C879 /* Build configuration list for PBXNativeTarget "MIT" */;
			buildPhases = (
				68D367072C4B52DD00C9C879 /* ShellScript */,
				68D366E02C4B4FDF00C9C879 /* Sources */,
				68D366E12C4B4FDF00C9C879 /* Frameworks */,
				68D366E22C4B4FDF00C9C879 /* Resources */,
				68D3671A2C4B5EFA00C9C879 /* Embed Frameworks */,
			);
			buildRules = (
			);
			dependencies = (
			);
			name = MIT;
			packageProductDependencies = (
			);
			productName = MIT;
			productReference = 68D367832C500D3C00C9C879 /* MIT.app */;
			productType = "com.apple.product-type.application";
		};
/* End PBXNativeTarget section */

/* Begin PBXProject section */
		68D366DC2C4B4FDF00C9C879 /* Project object */ = {
			isa = PBXProject;
			attributes = {
				BuildIndependentTargetsInParallel = 1;
				LastSwiftUpdateCheck = 1540;
				LastUpgradeCheck = 1540;
				TargetAttributes = {
					68D366E32C4B4FDF00C9C879 = {
						CreatedOnToolsVersion = 15.4;
					};
				};
			};
			buildConfigurationList = 68D366DF2C4B4FDF00C9C879 /* Build configuration list for PBXProject "MIT" */;
			compatibilityVersion = "Xcode 14.0";
			developmentRegion = en;
			hasScannedForEncodings = 0;
			knownRegions = (
				en,
				Base,
			);
			mainGroup = 68D366DB2C4B4FDF00C9C879;
			packageReferences = (
				68D3677C2C50061D00C9C879 /* XCRemoteSwiftPackageReference "mongo-swift-driver" */,
				684582192C5298C500924ABC /* XCRemoteSwiftPackageReference "aws-sdk-ios-spm" */,
			);
			productRefGroup = 68D366DB2C4B4FDF00C9C879;
			projectDirPath = "";
			projectRoot = "";
			targets = (
				68D366E32C4B4FDF00C9C879 /* MIT */,
			);
		};
/* End PBXProject section */

/* Begin PBXResourcesBuildPhase section */
		68D366E22C4B4FDF00C9C879 /* Resources */ = {
			isa = PBXResourcesBuildPhase;
			buildActionMask = 2147483647;
			files = (
				6812DBAE2C98F8AC00708F70 /* video3_20min.mp4 in Resources */,
				6812DBAF2C98F8AC00708F70 /* video3_10min.mp4 in Resources */,
				6812DBB02C98F8AC00708F70 /* video1_10min.mp4 in Resources */,
				6812DBB12C98F8AC00708F70 /* video1_20min.mp4 in Resources */,
				6812DBB22C98F8AC00708F70 /* video2_20min.mp4 in Resources */,
				6812DBB32C98F8AC00708F70 /* video2_10min.mp4 in Resources */,
				68D366F12C4B4FE000C9C879 /* Preview Assets.xcassets in Resources */,
				68D366EE2C4B4FE000C9C879 /* Assets.xcassets in Resources */,
			);
			runOnlyForDeploymentPostprocessing = 0;
		};
/* End PBXResourcesBuildPhase section */

/* Begin PBXShellScriptBuildPhase section */
		68D367072C4B52DD00C9C879 /* ShellScript */ = {
			isa = PBXShellScriptBuildPhase;
			alwaysOutOfDate = 1;
			buildActionMask = 2147483647;
			files = (
			);
			inputFileListPaths = (
			);
			inputPaths = (
			);
			outputFileListPaths = (
			);
			outputPaths = (
			);
			runOnlyForDeploymentPostprocessing = 0;
			shellPath = /bin/sh;
			shellScript = "export PYTHON_LIBRARY=/opt/homebrew/opt/python@3.12/Frameworks/Python.framework/Versions/3.12/lib/libpython3.12.dylib\nexport PYTHONPATH=\"/opt/homebrew/lib/python3.12/site-packages:$PYTHONPATH\"\n\necho \"PYTHON_LIBRARY set to: $PYTHON_LIBRARY\"\necho \"PYTHONPATH set to: $PYTHONPATH\"\n\n# Check if PYTHON_LIBRARY is already set in Info.plist\nif ! /usr/libexec/PlistBuddy -c \"Print :LSEnvironment:PYTHON_LIBRARY\" \"$INFOPLIST_FILE\" &>/dev/null; then\n    /usr/libexec/PlistBuddy -c \"Add :LSEnvironment:PYTHON_LIBRARY string $PYTHON_LIBRARY\" \"$INFOPLIST_FILE\"\nelse\n    echo \"PYTHON_LIBRARY already exists in Info.plist\"\nfi\n\n# Check if PYTHONPATH is already set in Info.plist\nif ! /usr/libexec/PlistBuddy -c \"Print :LSEnvironment:PYTHONPATH\" \"$INFOPLIST_FILE\" &>/dev/null; then\n    /usr/libexec/PlistBuddy -c \"Add :LSEnvironment:PYTHONPATH string $PYTHONPATH\" \"$INFOPLIST_FILE\"\nelse\n    echo \"PYTHONPATH already exists in Info.plist\"\nfi\n";
		};
/* End PBXShellScriptBuildPhase section */

/* Begin PBXSourcesBuildPhase section */
		68D366E02C4B4FDF00C9C879 /* Sources */ = {
			isa = PBXSourcesBuildPhase;
			buildActionMask = 2147483647;
			files = (
				68D366EA2C4B4FDF00C9C879 /* ContentView.swift in Sources */,
				68D2F38A2C7AB93100BC49DA /* DashboardView.swift in Sources */,
				6812DBA22C8A38F300708F70 /* TutorialView.swift in Sources */,
				68D367682C4B7BFA00C9C879 /* ECGData.swift in Sources */,
				68D2F3922C7AC45300BC49DA /* ECGMeasurementView.swift in Sources */,
				6812DBA52C94CF3A00708F70 /* UserJourneyView.swift in Sources */,
				68D2F3962C836B8E00BC49DA /* MeditationResultsPopup.swift in Sources */,
				6812DBA72C950BBA00708F70 /* SurveyView.swift in Sources */,
				68D367752C4E60E200C9C879 /* MeditationSelectionView.swift in Sources */,
				68D366EC2C4B4FDF00C9C879 /* Item.swift in Sources */,
				68D2F38E2C7ABC8A00BC49DA /* MeditationPlayView.swift in Sources */,
				68D3676B2C4B7E0600C9C879 /* ECGManager.swift in Sources */,
				68D2F3942C7ADB7300BC49DA /* MainView.swift in Sources */,
				68D367852C50326A00C9C879 /* HealthKitManager.swift in Sources */,
				68D2F3902C7ABE2D00BC49DA /* MeditationSurveyView.swift in Sources */,
				68D3671C2C4B5F2400C9C879 /* IoTManager.swift in Sources */,
				68D366E82C4B4FDF00C9C879 /* MITApp.swift in Sources */,
			);
			runOnlyForDeploymentPostprocessing = 0;
		};
/* End PBXSourcesBuildPhase section */

/* Begin XCBuildConfiguration section */
		68D366F22C4B4FE000C9C879 /* Debug */ = {
			isa = XCBuildConfiguration;
			buildSettings = {
				ALWAYS_SEARCH_USER_PATHS = NO;
				ASSETCATALOG_COMPILER_GENERATE_SWIFT_ASSET_SYMBOL_EXTENSIONS = YES;
				CLANG_ANALYZER_NONNULL = YES;
				CLANG_ANALYZER_NUMBER_OBJECT_CONVERSION = YES_AGGRESSIVE;
				CLANG_CXX_LANGUAGE_STANDARD = "gnu++20";
				CLANG_ENABLE_MODULES = YES;
				CLANG_ENABLE_OBJC_ARC = YES;
				CLANG_ENABLE_OBJC_WEAK = YES;
				CLANG_WARN_BLOCK_CAPTURE_AUTORELEASING = YES;
				CLANG_WARN_BOOL_CONVERSION = YES;
				CLANG_WARN_COMMA = YES;
				CLANG_WARN_CONSTANT_CONVERSION = YES;
				CLANG_WARN_DEPRECATED_OBJC_IMPLEMENTATIONS = YES;
				CLANG_WARN_DIRECT_OBJC_ISA_USAGE = YES_ERROR;
				CLANG_WARN_DOCUMENTATION_COMMENTS = YES;
				CLANG_WARN_EMPTY_BODY = YES;
				CLANG_WARN_ENUM_CONVERSION = YES;
				CLANG_WARN_INFINITE_RECURSION = YES;
				CLANG_WARN_INT_CONVERSION = YES;
				CLANG_WARN_NON_LITERAL_NULL_CONVERSION = YES;
				CLANG_WARN_OBJC_IMPLICIT_RETAIN_SELF = YES;
				CLANG_WARN_OBJC_LITERAL_CONVERSION = YES;
				CLANG_WARN_OBJC_ROOT_CLASS = YES_ERROR;
				CLANG_WARN_QUOTED_INCLUDE_IN_FRAMEWORK_HEADER = YES;
				CLANG_WARN_RANGE_LOOP_ANALYSIS = YES;
				CLANG_WARN_STRICT_PROTOTYPES = YES;
				CLANG_WARN_SUSPICIOUS_MOVE = YES;
				CLANG_WARN_UNGUARDED_AVAILABILITY = YES_AGGRESSIVE;
				CLANG_WARN_UNREACHABLE_CODE = YES;
				CLANG_WARN__DUPLICATE_METHOD_MATCH = YES;
				COPY_PHASE_STRIP = NO;
				DEBUG_INFORMATION_FORMAT = dwarf;
				ENABLE_STRICT_OBJC_MSGSEND = YES;
				ENABLE_TESTABILITY = YES;
				ENABLE_USER_SCRIPT_SANDBOXING = YES;
				FRAMEWORK_SEARCH_PATHS = "";
				GCC_C_LANGUAGE_STANDARD = gnu17;
				GCC_DYNAMIC_NO_PIC = NO;
				GCC_NO_COMMON_BLOCKS = YES;
				GCC_OPTIMIZATION_LEVEL = 0;
				GCC_PREPROCESSOR_DEFINITIONS = (
					"DEBUG=1",
					"$(inherited)",
				);
				GCC_WARN_64_TO_32_BIT_CONVERSION = YES;
				GCC_WARN_ABOUT_RETURN_TYPE = YES_ERROR;
				GCC_WARN_UNDECLARED_SELECTOR = YES;
				GCC_WARN_UNINITIALIZED_AUTOS = YES_AGGRESSIVE;
				GCC_WARN_UNUSED_FUNCTION = YES;
				GCC_WARN_UNUSED_VARIABLE = YES;
				IPHONEOS_DEPLOYMENT_TARGET = 17.5;
				LIBRARY_SEARCH_PATHS = "";
				LOCALIZATION_PREFERS_STRING_CATALOGS = YES;
				MTL_ENABLE_DEBUG_INFO = INCLUDE_SOURCE;
				MTL_FAST_MATH = YES;
				ONLY_ACTIVE_ARCH = YES;
				SDKROOT = iphoneos;
				SWIFT_ACTIVE_COMPILATION_CONDITIONS = "DEBUG $(inherited)";
				SWIFT_OPTIMIZATION_LEVEL = "-Onone";
			};
			name = Debug;
		};
		68D366F32C4B4FE000C9C879 /* Release */ = {
			isa = XCBuildConfiguration;
			buildSettings = {
				ALWAYS_SEARCH_USER_PATHS = NO;
				ASSETCATALOG_COMPILER_GENERATE_SWIFT_ASSET_SYMBOL_EXTENSIONS = YES;
				CLANG_ANALYZER_NONNULL = YES;
				CLANG_ANALYZER_NUMBER_OBJECT_CONVERSION = YES_AGGRESSIVE;
				CLANG_CXX_LANGUAGE_STANDARD = "gnu++20";
				CLANG_ENABLE_MODULES = YES;
				CLANG_ENABLE_OBJC_ARC = YES;
				CLANG_ENABLE_OBJC_WEAK = YES;
				CLANG_WARN_BLOCK_CAPTURE_AUTORELEASING = YES;
				CLANG_WARN_BOOL_CONVERSION = YES;
				CLANG_WARN_COMMA = YES;
				CLANG_WARN_CONSTANT_CONVERSION = YES;
				CLANG_WARN_DEPRECATED_OBJC_IMPLEMENTATIONS = YES;
				CLANG_WARN_DIRECT_OBJC_ISA_USAGE = YES_ERROR;
				CLANG_WARN_DOCUMENTATION_COMMENTS = YES;
				CLANG_WARN_EMPTY_BODY = YES;
				CLANG_WARN_ENUM_CONVERSION = YES;
				CLANG_WARN_INFINITE_RECURSION = YES;
				CLANG_WARN_INT_CONVERSION = YES;
				CLANG_WARN_NON_LITERAL_NULL_CONVERSION = YES;
				CLANG_WARN_OBJC_IMPLICIT_RETAIN_SELF = YES;
				CLANG_WARN_OBJC_LITERAL_CONVERSION = YES;
				CLANG_WARN_OBJC_ROOT_CLASS = YES_ERROR;
				CLANG_WARN_QUOTED_INCLUDE_IN_FRAMEWORK_HEADER = YES;
				CLANG_WARN_RANGE_LOOP_ANALYSIS = YES;
				CLANG_WARN_STRICT_PROTOTYPES = YES;
				CLANG_WARN_SUSPICIOUS_MOVE = YES;
				CLANG_WARN_UNGUARDED_AVAILABILITY = YES_AGGRESSIVE;
				CLANG_WARN_UNREACHABLE_CODE = YES;
				CLANG_WARN__DUPLICATE_METHOD_MATCH = YES;
				COPY_PHASE_STRIP = NO;
				DEBUG_INFORMATION_FORMAT = "dwarf-with-dsym";
				ENABLE_NS_ASSERTIONS = NO;
				ENABLE_STRICT_OBJC_MSGSEND = YES;
				ENABLE_USER_SCRIPT_SANDBOXING = YES;
				FRAMEWORK_SEARCH_PATHS = "";
				GCC_C_LANGUAGE_STANDARD = gnu17;
				GCC_NO_COMMON_BLOCKS = YES;
				GCC_WARN_64_TO_32_BIT_CONVERSION = YES;
				GCC_WARN_ABOUT_RETURN_TYPE = YES_ERROR;
				GCC_WARN_UNDECLARED_SELECTOR = YES;
				GCC_WARN_UNINITIALIZED_AUTOS = YES_AGGRESSIVE;
				GCC_WARN_UNUSED_FUNCTION = YES;
				GCC_WARN_UNUSED_VARIABLE = YES;
				IPHONEOS_DEPLOYMENT_TARGET = 17.5;
				LIBRARY_SEARCH_PATHS = "";
				LOCALIZATION_PREFERS_STRING_CATALOGS = YES;
				MTL_ENABLE_DEBUG_INFO = NO;
				MTL_FAST_MATH = YES;
				SDKROOT = iphoneos;
				SWIFT_COMPILATION_MODE = wholemodule;
				VALIDATE_PRODUCT = YES;
			};
			name = Release;
		};
		68D366F52C4B4FE000C9C879 /* Debug */ = {
			isa = XCBuildConfiguration;
			buildSettings = {
				ASSETCATALOG_COMPILER_APPICON_NAME = AppIcon;
				ASSETCATALOG_COMPILER_GLOBAL_ACCENT_COLOR_NAME = AccentColor;
				CODE_SIGN_ENTITLEMENTS = MIT/MIT.entitlements;
				CODE_SIGN_STYLE = Automatic;
				CURRENT_PROJECT_VERSION = 2;
				DEVELOPMENT_ASSET_PATHS = "\"MIT/Preview Content\"";
				DEVELOPMENT_TEAM = 3S4XL7P4GX;
				ENABLE_PREVIEWS = YES;
				ENABLE_USER_SCRIPT_SANDBOXING = NO;
				FRAMEWORK_SEARCH_PATHS = "";
				GENERATE_INFOPLIST_FILE = YES;
				INFOPLIST_FILE = MIT/Info.plist;
				INFOPLIST_KEY_NSHealthShareUsageDescription = "We need your health data to provide personalized insights.";
				INFOPLIST_KEY_NSHealthUpdateUsageDescription = "We need your health data to provide personalized insights.";
				INFOPLIST_KEY_UIApplicationSceneManifest_Generation = YES;
				INFOPLIST_KEY_UIApplicationSupportsIndirectInputEvents = YES;
				INFOPLIST_KEY_UILaunchScreen_Generation = YES;
				INFOPLIST_KEY_UIRequiresFullScreen = YES;
				INFOPLIST_KEY_UISupportedInterfaceOrientations = "UIInterfaceOrientationLandscapeLeft UIInterfaceOrientationLandscapeRight UIInterfaceOrientationPortrait UIInterfaceOrientationPortraitUpsideDown";
				IPHONEOS_DEPLOYMENT_TARGET = 17.5;
				LD_RUNPATH_SEARCH_PATHS = (
					"$(inherited)",
					"@executable_path/Frameworks",
				);
				LIBRARY_SEARCH_PATHS = "";
				MARKETING_VERSION = 1.1;
				PRODUCT_BUNDLE_IDENTIFIER = com.DR.mit.MIT;
				PRODUCT_NAME = "$(TARGET_NAME)";
				SWIFT_EMIT_LOC_STRINGS = YES;
				SWIFT_VERSION = 5.0;
				TARGETED_DEVICE_FAMILY = "1,2";
			};
			name = Debug;
		};
		68D366F62C4B4FE000C9C879 /* Release */ = {
			isa = XCBuildConfiguration;
			buildSettings = {
				ASSETCATALOG_COMPILER_APPICON_NAME = AppIcon;
				ASSETCATALOG_COMPILER_GLOBAL_ACCENT_COLOR_NAME = AccentColor;
				CODE_SIGN_ENTITLEMENTS = MIT/MIT.entitlements;
				CODE_SIGN_STYLE = Automatic;
				CURRENT_PROJECT_VERSION = 2;
				DEVELOPMENT_ASSET_PATHS = "\"MIT/Preview Content\"";
				DEVELOPMENT_TEAM = 3S4XL7P4GX;
				ENABLE_PREVIEWS = YES;
				ENABLE_USER_SCRIPT_SANDBOXING = NO;
				FRAMEWORK_SEARCH_PATHS = "";
				GENERATE_INFOPLIST_FILE = YES;
				INFOPLIST_FILE = MIT/Info.plist;
				INFOPLIST_KEY_NSHealthShareUsageDescription = "We need your health data to provide personalized insights.";
				INFOPLIST_KEY_NSHealthUpdateUsageDescription = "We need your health data to provide personalized insights.";
				INFOPLIST_KEY_UIApplicationSceneManifest_Generation = YES;
				INFOPLIST_KEY_UIApplicationSupportsIndirectInputEvents = YES;
				INFOPLIST_KEY_UILaunchScreen_Generation = YES;
				INFOPLIST_KEY_UIRequiresFullScreen = YES;
				INFOPLIST_KEY_UISupportedInterfaceOrientations = "UIInterfaceOrientationLandscapeLeft UIInterfaceOrientationLandscapeRight UIInterfaceOrientationPortrait UIInterfaceOrientationPortraitUpsideDown";
				IPHONEOS_DEPLOYMENT_TARGET = 17.5;
				LD_RUNPATH_SEARCH_PATHS = (
					"$(inherited)",
					"@executable_path/Frameworks",
				);
				LIBRARY_SEARCH_PATHS = "";
				MARKETING_VERSION = 1.1;
				PRODUCT_BUNDLE_IDENTIFIER = com.DR.mit.MIT;
				PRODUCT_NAME = "$(TARGET_NAME)";
				SWIFT_EMIT_LOC_STRINGS = YES;
				SWIFT_VERSION = 5.0;
				TARGETED_DEVICE_FAMILY = "1,2";
			};
			name = Release;
		};
/* End XCBuildConfiguration section */

/* Begin XCConfigurationList section */
		68D366DF2C4B4FDF00C9C879 /* Build configuration list for PBXProject "MIT" */ = {
			isa = XCConfigurationList;
			buildConfigurations = (
				68D366F22C4B4FE000C9C879 /* Debug */,
				68D366F32C4B4FE000C9C879 /* Release */,
			);
			defaultConfigurationIsVisible = 0;
			defaultConfigurationName = Release;
		};
		68D366F42C4B4FE000C9C879 /* Build configuration list for PBXNativeTarget "MIT" */ = {
			isa = XCConfigurationList;
			buildConfigurations = (
				68D366F52C4B4FE000C9C879 /* Debug */,
				68D366F62C4B4FE000C9C879 /* Release */,
			);
			defaultConfigurationIsVisible = 0;
			defaultConfigurationName = Release;
		};
/* End XCConfigurationList section */

/* Begin XCRemoteSwiftPackageReference section */
		684582192C5298C500924ABC /* XCRemoteSwiftPackageReference "aws-sdk-ios-spm" */ = {
			isa = XCRemoteSwiftPackageReference;
			repositoryURL = "https://github.com/aws-amplify/aws-sdk-ios-spm.git";
			requirement = {
				kind = upToNextMajorVersion;
				minimumVersion = 2.36.6;
			};
		};
		68D3677C2C50061D00C9C879 /* XCRemoteSwiftPackageReference "mongo-swift-driver" */ = {
			isa = XCRemoteSwiftPackageReference;
			repositoryURL = "https://github.com/mongodb/mongo-swift-driver";
			requirement = {
				branch = main;
				kind = branch;
			};
		};
/* End XCRemoteSwiftPackageReference section */
	};
	rootObject = 68D366DC2C4B4FDF00C9C879 /* Project object */;
}
